
Microsoft Visual Studio Solution File, Format Version 12.00
# Visual Studio Version 16
VisualStudioVersion = 16.0.30611.23
MinimumVisualStudioVersion = 10.0.40219.1
Project("{FAE04EC0-301F-11D3-BF4B-00C04F79EFBC}") = "LinqMitXML", "LinqMitXML.csproj", "{0CF04742-D3EC-4407-BF3F-BDA228B4D615}"
EndProject
Global
	GlobalSection(SolutionConfigurationPlatforms) = preSolution
		Debug|Any CPU = Debug|Any CPU
		Release|Any CPU = Release|Any CPU
	EndGlobalSection
	GlobalSection(ProjectConfigurationPlatforms) = postSolution
		{0CF04742-D3EC-4407-BF3F-BDA228B4D615}.Debug|Any CPU.ActiveCfg = Debug|Any CPU
		{0CF04742-D3EC-4407-BF3F-BDA228B4D615}.Debug|Any CPU.Build.0 = Debug|Any CPU
		{0CF04742-D3EC-4407-BF3F-BDA228B4D615}.Release|Any CPU.ActiveCfg = Release|Any CPU
		{0CF04742-D3EC-4407-BF3F-BDA228B4D615}.Release|Any CPU.Build.0 = Release|Any CPU
	EndGlobalSection
	GlobalSection(SolutionProperties) = preSolution
		HideSolutionNode = FALSE
	EndGlobalSection
	GlobalSection(ExtensibilityGlobals) = postSolution
		SolutionGuid = {B5954798-7961-4434-ADCC-BE00CB1BD4E7}
	EndGlobalSection
EndGlobal
